{
  "originHash" : "d7051a995ed61e7192e6c437fdbf7772b621d7f96e689fae5bf944104b242742",
  "pins" : [
    {
      "identity" : "keyholder",
      "kind" : "remoteSourceControl",
      "location" : "https://github.com/Clipy/KeyHolder.git",
      "state" : {
        "revision" : "5da0ee06fd8709f7d812504bff1555462a3f6956",
        "version" : "4.2.0"
      }
    },
    {
      "identity" : "magnet",
      "kind" : "remoteSourceControl",
      "location" : "https://github.com/Clipy/Magnet",
      "state" : {
        "revision" : "26d672a031fd33eac94887b4e19aca0ab4761f45",
        "version" : "3.4.0"
      }
    },
    {
      "identity" : "sauce",
      "kind" : "remoteSourceControl",
      "location" : "https://github.com/Clipy/Sauce",
      "state" : {
        "revision" : "df657bc1beba23ffd580953f183cd756b5bcd514",
        "version" : "2.4.1"
      }
    },
    {
      "identity" : "sparkle",
      "kind" : "remoteSourceControl",
      "location" : "https://github.com/sparkle-project/Sparkle",
      "state" : {
        "revision" : "0ef1ee0220239b3776f433314515fd849025673f",
        "version" : "2.6.4"
      }
    }
  ],
  "version" : 3
}
